{
  "version": "5",
  "specifiers": {
    "jsr:@luca/esbuild-deno-loader@~0.11.1": "0.11.1",
    "jsr:@std/bytes@^1.0.2": "1.0.6",
    "jsr:@std/encoding@^1.0.5": "1.0.10",
    "jsr:@std/fs@*": "1.0.24",
    "jsr:@std/internal@^1.0.14": "1.0.14",
    "jsr:@std/path@*": "1.1.6",
    "jsr:@std/path@^1.0.6": "1.1.6",
    "jsr:@std/path@^1.1.5": "1.1.6"
  },
  "jsr": {
    "@luca/esbuild-deno-loader@0.11.1": {
      "integrity": "dc020d16d75b591f679f6b9288b10f38bdb4f24345edb2f5732affa1d9885267",
      "dependencies": [
        "jsr:@std/bytes",
        "jsr:@std/encoding",
        "jsr:@std/path@^1.0.6"
      ]
    },
    "@std/bytes@1.0.6": {
      "integrity": "f6ac6adbd8ccd99314045f5703e23af0a68d7f7e58364b47d2c7f408aeb5820a"
    },
    "@std/encoding@1.0.10": {
      "integrity": "8783c6384a2d13abd5e9e87a7ae0520a30e9f56aeeaa3bdf910a3eaaf5c811a1"
    },
    "@std/fs@1.0.24": {
      "integrity": "f3061b45b81673a2bece689da041df32d174be064c89eb6397fb5718d3fb7877",
      "dependencies": [
        "jsr:@std/internal",
        "jsr:@std/path@^1.1.5"
      ]
    },
    "@std/internal@1.0.14": {
      "integrity": "291516b3d4c35024d6ffbc0a9df5bf4c64116e05b50012cf846710152d2ffdf7"
    },
    "@std/path@1.1.6": {
      "integrity": "c68485c2a4dfbb5ae3cc74fae4e8c4e5d874cf8a8ed12927917235c758b46cbe",
      "dependencies": [
        "jsr:@std/internal"
      ]
    }
  },
  "redirects": {
    "https://esm.sh/@types/react-dom@~19.0.6/X-ZXJlYWN0/index.d.ts": "https://esm.sh/@types/react-dom@19.0.6/index.d.ts",
    "https://esm.sh/@types/react-dom@~19.0.6/X-ZXJlYWN0LHJlYWN0LWRvbQ/client.d.ts": "https://esm.sh/@types/react-dom@19.0.6/client.d.ts",
    "https://esm.sh/@types/react@~19.0.14/X-ZXJlYWN0/jsx-runtime.d.ts": "https://esm.sh/@types/react@19.0.14/jsx-runtime.d.ts",
    "https://esm.sh/@types/react@~19.0.14/index.d.ts": "https://esm.sh/@types/react@19.0.14/index.d.ts",
    "https://esm.sh/@types/scheduler@~0.26.0/index.d.ts": "https://esm.sh/@types/scheduler@0.26.0/index.d.ts",
    "https://esm.sh/@types/set-cookie-parser@~2.4.10/index.d.ts": "https://esm.sh/@types/set-cookie-parser@2.4.10/index.d.ts"
  },
  "remote": {
    "https://deno.land/x/denoflate@1.2.1/mod.ts": "f5628e44b80b3d80ed525afa2ba0f12408e3849db817d47a883b801f9ce69dd6",
    "https://deno.land/x/denoflate@1.2.1/pkg/denoflate.js": "b9f9ad9457d3f12f28b1fb35c555f57443427f74decb403113d67364e4f2caf4",
    "https://deno.land/x/denoflate@1.2.1/pkg/denoflate_bg.wasm.js": "d581956245407a2115a3d7e8d85a9641c032940a8e810acbd59ca86afd34d44d",
    "https://deno.land/x/esbuild@v0.25.0/mod.js": "0a1cbaa89f99043e836de256455f609583bb626482396c74f4eabf7df07529bc",
    "https://esm.sh/cookie@1.1.1/es2022/cookie.mjs": "f63d01be25fb3287d58e7035b5092138fa2843e2236f3b57d5818378c7c73b27",
    "https://esm.sh/cookie@^1.0.1?target=es2022": "22eb2250d12343af6e4544187f2d644b89b5195778af40adf55c762bdcefdcc4",
    "https://esm.sh/react-dom@19.0.0/X-ZXJlYWN0/es2022/react-dom.mjs": "2d25d5180c1f23edec5463583ec94908e70968c34bb3de5cbd17c049fd52acc7",
    "https://esm.sh/react-dom@19.0.0/X-ZXJlYWN0LHJlYWN0LWRvbQ/es2022/client.mjs": "020d775e54341ec036fef5c46080fa967ed641236d5ec18fdd3515c9121468d8",
    "https://esm.sh/react-dom@19.0.0/client?target=es2022&external=react,react-dom": "d61a7f5bbec1145c2ecbf111d7a6353b0c62cb3bf197c57f64ceb4017dec21d4",
    "https://esm.sh/react-dom@19.0.0?target=es2022&external=react": "c2c90114c842e655460efa718b16524706c99c286e205f50fcfebce2725ee261",
    "https://esm.sh/react-icons@5.4.0/X-ZXJlYWN0/es2022/fi.mjs": "56011b8e9557e57970ea90195568b7834b350db16ae8ce9d8ed15b1c9b892ca0",
    "https://esm.sh/react-icons@5.4.0/X-ZXJlYWN0/es2022/lib.mjs": "dec626e7725625184359a296f2b59be09ba7e6fa2856b8089bf377fb41de1421",
    "https://esm.sh/react-icons@5.4.0/fi?target=es2022&external=react": "5ab85d54d999209d775bea5fb3f0088d19d819907129279a6f94db84e58f7e1c",
    "https://esm.sh/react-router-dom@7.1.5/X-ZXJlYWN0LHJlYWN0LWRvbQ/es2022/react-router-dom.mjs": "b5ecc39ec276269a306a492b7e7522865518d53be896de2f68244dc9428e5fe8",
    "https://esm.sh/react-router-dom@7.1.5?target=es2022&external=react,react-dom": "b170791ebb770d2c7e156e82617af2a0a22dff018859b112d88bea60fe8d9ce6",
    "https://esm.sh/react-router@7.1.5/X-ZXJlYWN0LHJlYWN0LWRvbQ/es2022/dist/development/chunk-IR6S3I6Y.mjs": "ca2ce00b918cf6b4cb6a5f072e7c326edeefb60f5fd1cc5f189e0994d9f7fb59",
    "https://esm.sh/react-router@7.1.5/X-ZXJlYWN0LHJlYWN0LWRvbQ/es2022/dom.mjs": "ff33590d46e4c5fedc08f17a76b88c6851c795cbea7bbfde2bed621637b58678",
    "https://esm.sh/react-router@7.1.5/X-ZXJlYWN0LHJlYWN0LWRvbQ/es2022/react-router.mjs": "dfa7707b6778aaa1226e4c31c98851b5b012cf95b5d0a32198dd81528de4d82f",
    "https://esm.sh/react@19.0.0/X-ZXJlYWN0/es2022/jsx-runtime.mjs": "643b749fa9666fbf73619a99fd708722edb4acaa34c8cea7be783a3432367780",
    "https://esm.sh/react@19.0.0/es2022/react.mjs": "92b896580737b8b2d75b0a84a92fd2b4f3a62e692d96be1994a5185050db289d",
    "https://esm.sh/react@19.0.0/jsx-runtime?target=es2022&external=react": "e82f068917ff04fff0951aa1f0d9a227a49149680b212eb222bb6d66c38715c0",
    "https://esm.sh/react@19.0.0?target=es2022": "b2d09997656003a0c3066d95bcf66a7bd0ac68333e66678655e983465e649145",
    "https://esm.sh/scheduler@0.25.0/es2022/scheduler.mjs": "50687edf9e0034b6db97303b1b16893b59c5833c21ea8cf913dc380b537f6aaf",
    "https://esm.sh/scheduler@^0.25.0?target=es2022": "4a900fbc45073d3bc2d0e2bc39b3bfa6b52289b6725a594181c97e0a10053e78",
    "https://esm.sh/set-cookie-parser@2.7.2/es2022/set-cookie-parser.mjs": "3aa70efe27cf954fe5783e2d65bbd443110bcf373aee0c0ddcb1e556485a6924",
    "https://esm.sh/set-cookie-parser@^2.6.0?target=es2022": "b47f6cd870195173e451b6be11b6ccbb73526a52d557ad3d708b584341f627d5",
    "https://esm.sh/turbo-stream@2.4.0/es2022/turbo-stream.mjs": "bfa3a751b30717d9d1acb0a97f13acadf937a8ca7fde3ea8027b356eeb145624"
  }
}
