{
  "version": "4",
  "specifiers": {
    "jsr:@std/fs@*": "1.0.11",
    "jsr:@std/path@^1.0.8": "1.0.8"
  },
  "jsr": {
    "@std/fs@1.0.11": {
      "integrity": "ba674672693340c5ebdd018b4fe1af46cb08741f42b4c538154e97d217b55bdd",
      "dependencies": [
        "jsr:@std/path"
      ]
    },
    "@std/path@1.0.8": {
      "integrity": "548fa456bb6a04d3c1a1e7477986b6cffbce95102d0bb447c67c4ee70e0364be"
    }
  },
  "redirects": {
    "https://esm.sh/@types/react-dom@~19.0.3/index.d.ts": "https://esm.sh/@types/react-dom@19.0.3/index.d.ts",
    "https://esm.sh/@types/react@~18.2.79/jsx-runtime.d.ts": "https://esm.sh/@types/react@18.2.79/jsx-runtime.d.ts",
    "https://esm.sh/@types/react@~19.0.7/index.d.ts": "https://esm.sh/@types/react@19.0.8/index.d.ts",
    "https://esm.sh/@types/react@~19.0.7/jsx-runtime.d.ts": "https://esm.sh/@types/react@19.0.8/jsx-runtime.d.ts"
  },
  "remote": {
    "https://deno.land/x/denoflate@1.2.1/mod.ts": "f5628e44b80b3d80ed525afa2ba0f12408e3849db817d47a883b801f9ce69dd6",
    "https://deno.land/x/denoflate@1.2.1/pkg/denoflate.js": "b9f9ad9457d3f12f28b1fb35c555f57443427f74decb403113d67364e4f2caf4",
    "https://deno.land/x/denoflate@1.2.1/pkg/denoflate_bg.wasm.js": "d581956245407a2115a3d7e8d85a9641c032940a8e810acbd59ca86afd34d44d",
    "https://deno.land/x/esbuild@v0.25.0/mod.js": "0a1cbaa89f99043e836de256455f609583bb626482396c74f4eabf7df07529bc",
    "https://esm.sh/react-dom@19.0.0": "d057f65e74eca8add1702ba9a5ecbcc8e60a73dd358b7852094bde0361725137",
    "https://esm.sh/react-dom@19.0.0/denonext/react-dom.mjs": "a2f7bc344e1d5b7ca47e68665291e206ae4db17ee84f234f3d3e2533b9119f63",
    "https://esm.sh/react@18.2.0/denonext/jsx-runtime.mjs": "82f5137c9609f7b42ca13787d97b8c2dc55cfb8ce378c788791c156087a13cb3",
    "https://esm.sh/react@18.2.0/denonext/react.mjs": "a986c2876dc2f73879f395e677dc34cb751f260e69db16364810655f884df173",
    "https://esm.sh/react@18.2.0/jsx-runtime": "0bb3cca902d25a6827ac8153c8038b637e21bd20180bd58e827515d67de80582",
    "https://esm.sh/react@19.0.0": "ab1f4aa20ac56c237bbb204632bdb55f03a0ab005d21944eeb447e5e37879637",
    "https://esm.sh/react@19.0.0/denonext/jsx-runtime.mjs": "643b749fa9666fbf73619a99fd708722edb4acaa34c8cea7be783a3432367780",
    "https://esm.sh/react@19.0.0/denonext/react.mjs": "87fdb28d39ca8983bdba3e7ec329305f95463cfc70c015b2620b4900fa15efdd",
    "https://esm.sh/react@19.0.0/jsx-runtime": "491d2a6b0632208ebc307680e900d5c3246bf6738f3b1ef028a72c94e8b53a62"
  }
}
