{
  "version": "4",
  "specifiers": {
    "jsr:@std/fs@*": "1.0.11",
    "jsr:@std/path@^1.0.8": "1.0.8"
  },
  "jsr": {
    "@std/fs@1.0.11": {
      "integrity": "ba674672693340c5ebdd018b4fe1af46cb08741f42b4c538154e97d217b55bdd",
      "dependencies": [
        "jsr:@std/path"
      ]
    },
    "@std/path@1.0.8": {
      "integrity": "548fa456bb6a04d3c1a1e7477986b6cffbce95102d0bb447c67c4ee70e0364be"
    }
  },
  "redirects": {
    "https://esm.sh/@types/react-dom@~19.0.3/client.d.ts": "https://esm.sh/@types/react-dom@19.0.4/client.d.ts",
    "https://esm.sh/@types/react-dom@~19.0.3/index.d.ts": "https://esm.sh/@types/react-dom@19.0.3/index.d.ts",
    "https://esm.sh/@types/react@~18.2.79/jsx-runtime.d.ts": "https://esm.sh/@types/react@18.2.79/jsx-runtime.d.ts",
    "https://esm.sh/@types/react@~19.0.7/index.d.ts": "https://esm.sh/@types/react@19.0.8/index.d.ts",
    "https://esm.sh/@types/react@~19.0.7/jsx-runtime.d.ts": "https://esm.sh/@types/react@19.0.8/jsx-runtime.d.ts",
    "https://esm.sh/@types/react@~19.0.8/index.d.ts": "https://esm.sh/@types/react@19.0.10/index.d.ts",
    "https://esm.sh/@types/scheduler@~0.23.0/index.d.ts": "https://esm.sh/@types/scheduler@0.23.0/index.d.ts",
    "https://esm.sh/@types/set-cookie-parser@~2.4.10/index.d.ts": "https://esm.sh/@types/set-cookie-parser@2.4.10/index.d.ts",
    "https://esm.sh/cookie@^1.0.1?target=denonext": "https://esm.sh/cookie@1.0.2?target=denonext",
    "https://esm.sh/react-dom@%3E=18?target=denonext": "https://esm.sh/react-dom@19.0.0?target=denonext",
    "https://esm.sh/react?target=denonext": "https://esm.sh/react@19.0.0?target=denonext",
    "https://esm.sh/react@%3E=18?target=denonext": "https://esm.sh/react@19.0.0?target=denonext",
    "https://esm.sh/scheduler@^0.25.0?target=denonext": "https://esm.sh/scheduler@0.25.0?target=denonext",
    "https://esm.sh/set-cookie-parser@^2.6.0?target=denonext": "https://esm.sh/set-cookie-parser@2.7.1?target=denonext"
  },
  "remote": {
    "https://deno.land/x/denoflate@1.2.1/mod.ts": "f5628e44b80b3d80ed525afa2ba0f12408e3849db817d47a883b801f9ce69dd6",
    "https://deno.land/x/denoflate@1.2.1/pkg/denoflate.js": "b9f9ad9457d3f12f28b1fb35c555f57443427f74decb403113d67364e4f2caf4",
    "https://deno.land/x/denoflate@1.2.1/pkg/denoflate_bg.wasm.js": "d581956245407a2115a3d7e8d85a9641c032940a8e810acbd59ca86afd34d44d",
    "https://deno.land/x/esbuild@v0.25.0/mod.js": "0a1cbaa89f99043e836de256455f609583bb626482396c74f4eabf7df07529bc",
    "https://esm.sh/cookie@1.0.2/denonext/cookie.mjs": "6c4f976d4d933ff2d7afc1f6ee7af134108c9858f5a2aadc6189084bd5972275",
    "https://esm.sh/cookie@1.0.2?target=denonext": "04dabbcad7a7a96d841d6b21f00cb20191fb29339781237088d8edabad52df66",
    "https://esm.sh/react-dom@19.0.0": "d057f65e74eca8add1702ba9a5ecbcc8e60a73dd358b7852094bde0361725137",
    "https://esm.sh/react-dom@19.0.0/client": "c972c16184c695fc5828dfa61d7f341edbc463d20d8108765c93a98027c24227",
    "https://esm.sh/react-dom@19.0.0/denonext/client.mjs": "9213929ed070ab81dbca5a71b1f7031e302428ad0ca6a3011aba30c34e8bd33c",
    "https://esm.sh/react-dom@19.0.0/denonext/react-dom.mjs": "a2f7bc344e1d5b7ca47e68665291e206ae4db17ee84f234f3d3e2533b9119f63",
    "https://esm.sh/react-dom@19.0.0?target=denonext": "d057f65e74eca8add1702ba9a5ecbcc8e60a73dd358b7852094bde0361725137",
    "https://esm.sh/react-icons@5.4.0/denonext/fi.mjs": "56011b8e9557e57970ea90195568b7834b350db16ae8ce9d8ed15b1c9b892ca0",
    "https://esm.sh/react-icons@5.4.0/denonext/lib.mjs": "6dcb87bea4153fd95cc8e9987ee4835be05554e3034aa0c83d25036d225c90b6",
    "https://esm.sh/react-icons@5.4.0/fi": "5b7db0dd17a9acbb55cca50d7d571fe176600324bffb95ad18cce45115546471",
    "https://esm.sh/react-router-dom@7.1.5": "a8d85ed994136aa32ec2595f041bd6c811e70e0c63783b6549223cb3c76afc3b",
    "https://esm.sh/react-router-dom@7.1.5/denonext/react-router-dom.mjs": "f8ae9950f2023684302fd8b956c7fb512fa784cb9d487c5203a13fe8110f4a6c",
    "https://esm.sh/react-router@7.1.5/denonext/dist/development/chunk-IR6S3I6Y.mjs": "6283c93823024d56b19263bc135038cc97d27aff524f386ea69acb2f1be6f553",
    "https://esm.sh/react-router@7.1.5/denonext/dom.mjs": "e3fa90a2edfce3025577f74acc6313094dfb62b8d1e29574720b90920666ffb8",
    "https://esm.sh/react-router@7.1.5/denonext/react-router.mjs": "dfa7707b6778aaa1226e4c31c98851b5b012cf95b5d0a32198dd81528de4d82f",
    "https://esm.sh/react@18.2.0/denonext/jsx-runtime.mjs": "82f5137c9609f7b42ca13787d97b8c2dc55cfb8ce378c788791c156087a13cb3",
    "https://esm.sh/react@18.2.0/denonext/react.mjs": "a986c2876dc2f73879f395e677dc34cb751f260e69db16364810655f884df173",
    "https://esm.sh/react@18.2.0/jsx-runtime": "0bb3cca902d25a6827ac8153c8038b637e21bd20180bd58e827515d67de80582",
    "https://esm.sh/react@19.0.0": "ab1f4aa20ac56c237bbb204632bdb55f03a0ab005d21944eeb447e5e37879637",
    "https://esm.sh/react@19.0.0/denonext/jsx-runtime.mjs": "643b749fa9666fbf73619a99fd708722edb4acaa34c8cea7be783a3432367780",
    "https://esm.sh/react@19.0.0/denonext/react.mjs": "87fdb28d39ca8983bdba3e7ec329305f95463cfc70c015b2620b4900fa15efdd",
    "https://esm.sh/react@19.0.0/jsx-runtime": "491d2a6b0632208ebc307680e900d5c3246bf6738f3b1ef028a72c94e8b53a62",
    "https://esm.sh/react@19.0.0?target=denonext": "ab1f4aa20ac56c237bbb204632bdb55f03a0ab005d21944eeb447e5e37879637",
    "https://esm.sh/scheduler@0.25.0/denonext/scheduler.mjs": "50687edf9e0034b6db97303b1b16893b59c5833c21ea8cf913dc380b537f6aaf",
    "https://esm.sh/scheduler@0.25.0?target=denonext": "c12810f51123057a8a8e309cc8befaac0b5cd371cb4d61bf0372ab8046acc8e0",
    "https://esm.sh/set-cookie-parser@2.7.1/denonext/set-cookie-parser.mjs": "81f09c909c63221a2460bc7602746543af6fd05b54fd866a04e81bb754bc7f26",
    "https://esm.sh/set-cookie-parser@2.7.1?target=denonext": "5340cc320e1c716299df7947a234e4b58951c97eba69b43d9f79d8933a07e6c8",
    "https://esm.sh/turbo-stream@2.4.0/denonext/turbo-stream.mjs": "635731418708dd33b7db7bf5a0011b28fb89b61154f70ab112da16d5b0cc20b4"
  }
}
